// !$*UTF8*$!
{
	archiveVersion = 1;
	classes = {
	};
	objectVersion = 46;
	objects = {

/* Begin PBXBuildFile section */
		54EB8BBD1D73FB9E0007B657 /* main.m in Sources */ = {isa = PBXBuildFile; fileRef = 54EB8BBC1D73FB9E0007B657 /* main.m */; };
		54EB8BC01D73FB9E0007B657 /* AppDelegate.m in Sources */ = {isa = PBXBuildFile; fileRef = 54EB8BBF1D73FB9E0007B657 /* AppDelegate.m */; };
		54EB8BC31D73FB9E0007B657 /* ViewController.m in Sources */ = {isa = PBXBuildFile; fileRef = 54EB8BC21D73FB9E0007B657 /* ViewController.m */; };
		54EB8BC61D73FB9E0007B657 /* Main.storyboard in Resources */ = {isa = PBXBuildFile; fileRef = 54EB8BC41D73FB9E0007B657 /* Main.storyboard */; };
		54EB8BC81D73FB9E0007B657 /* Assets.xcassets in Resources */ = {isa = PBXBuildFile; fileRef = 54EB8BC71D73FB9E0007B657 /* Assets.xcassets */; };
		54EB8BCB1D73FB9E0007B657 /* LaunchScreen.storyboard in Resources */ = {isa = PBXBuildFile; fileRef = 54EB8BC91D73FB9E0007B657 /* LaunchScreen.storyboard */; };
		54EB8BD61D73FB9E0007B657 /* UIScrollViewCycleTestTests.m in Sources */ = {isa = PBXBuildFile; fileRef = 54EB8BD51D73FB9E0007B657 /* UIScrollViewCycleTestTests.m */; };
		54EB8BE11D73FB9E0007B657 /* UIScrollViewCycleTestUITests.m in Sources */ = {isa = PBXBuildFile; fileRef = 54EB8BE01D73FB9E0007B657 /* UIScrollViewCycleTestUITests.m */; };
		54EB8BF01D7516E10007B657 /* MainViewController.m in Sources */ = {isa = PBXBuildFile; fileRef = 54EB8BEF1D7516E10007B657 /* MainViewController.m */; };
		54EB8BF31D7517BB0007B657 /* CalendarViewController.m in Sources */ = {isa = PBXBuildFile; fileRef = 54EB8BF21D7517BB0007B657 /* CalendarViewController.m */; };
		54EB8BF71D7519BA0007B657 /* SMCMonthView.m in Sources */ = {isa = PBXBuildFile; fileRef = 54EB8BF61D7519BA0007B657 /* SMCMonthView.m */; };
		54EB8BF91D7519D30007B657 /* SMCMonthView.xib in Resources */ = {isa = PBXBuildFile; fileRef = 54EB8BF81D7519D30007B657 /* SMCMonthView.xib */; };
		54EB8BFC1D751DF40007B657 /* SMCWeekView.m in Sources */ = {isa = PBXBuildFile; fileRef = 54EB8BFB1D751DF40007B657 /* SMCWeekView.m */; };
		54EB8BFE1D751E010007B657 /* SMCWeekView.xib in Resources */ = {isa = PBXBuildFile; fileRef = 54EB8BFD1D751E010007B657 /* SMCWeekView.xib */; };
		54EB8C011D751E400007B657 /* SMCDayView.m in Sources */ = {isa = PBXBuildFile; fileRef = 54EB8C001D751E400007B657 /* SMCDayView.m */; };
		54EB8C031D751E4B0007B657 /* SMCDayView.xib in Resources */ = {isa = PBXBuildFile; fileRef = 54EB8C021D751E4B0007B657 /* SMCDayView.xib */; };
		54EB8C061D7522A70007B657 /* UIScrollView+SMCScroll.m in Sources */ = {isa = PBXBuildFile; fileRef = 54EB8C051D7522A70007B657 /* UIScrollView+SMCScroll.m */; };
		54EB8C091D7525A00007B657 /* SMCCalendarView.m in Sources */ = {isa = PBXBuildFile; fileRef = 54EB8C081D7525A00007B657 /* SMCCalendarView.m */; };
		54EB8C0B1D7527720007B657 /* SMCCalendarView.xib in Resources */ = {isa = PBXBuildFile; fileRef = 54EB8C0A1D7527720007B657 /* SMCCalendarView.xib */; };
		54EB8C131D7577510007B657 /* HYCalendarHeader.m in Sources */ = {isa = PBXBuildFile; fileRef = 54EB8C0E1D7577510007B657 /* HYCalendarHeader.m */; };
		54EB8C141D7577510007B657 /* HYCalendarHeader.xib in Resources */ = {isa = PBXBuildFile; fileRef = 54EB8C0F1D7577510007B657 /* HYCalendarHeader.xib */; };
		54EB8C151D7577510007B657 /* HYCalendarHeaderCell.m in Sources */ = {isa = PBXBuildFile; fileRef = 54EB8C111D7577510007B657 /* HYCalendarHeaderCell.m */; };
		54EB8C161D7577510007B657 /* HYCalendarHeaderCell.xib in Resources */ = {isa = PBXBuildFile; fileRef = 54EB8C121D7577510007B657 /* HYCalendarHeaderCell.xib */; };
		54EB8C201D7577960007B657 /* NSDate+String.m in Sources */ = {isa = PBXBuildFile; fileRef = 54EB8C191D7577960007B657 /* NSDate+String.m */; };
		54EB8C211D7577960007B657 /* DateManager.m in Sources */ = {isa = PBXBuildFile; fileRef = 54EB8C1C1D7577960007B657 /* DateManager.m */; };
		54EB8C221D7577960007B657 /* XingZuoDate.m in Sources */ = {isa = PBXBuildFile; fileRef = 54EB8C1F1D7577960007B657 /* XingZuoDate.m */; };
/* End PBXBuildFile section */

/* Begin PBXContainerItemProxy section */
		54EB8BD21D73FB9E0007B657 /* PBXContainerItemProxy */ = {
			isa = PBXContainerItemProxy;
			containerPortal = 54EB8BB01D73FB9E0007B657 /* Project object */;
			proxyType = 1;
			remoteGlobalIDString = 54EB8BB71D73FB9E0007B657;
			remoteInfo = UIScrollViewCycleTest;
		};
		54EB8BDD1D73FB9E0007B657 /* PBXContainerItemProxy */ = {
			isa = PBXContainerItemProxy;
			containerPortal = 54EB8BB01D73FB9E0007B657 /* Project object */;
			proxyType = 1;
			remoteGlobalIDString = 54EB8BB71D73FB9E0007B657;
			remoteInfo = UIScrollViewCycleTest;
		};
/* End PBXContainerItemProxy section */

/* Begin PBXFileReference section */
		54EB8BB81D73FB9E0007B657 /* UIScrollViewCycleTest.app */ = {isa = PBXFileReference; explicitFileType = wrapper.application; includeInIndex = 0; path = UIScrollViewCycleTest.app; sourceTree = BUILT_PRODUCTS_DIR; };
		54EB8BBC1D73FB9E0007B657 /* main.m */ = {isa = PBXFileReference; lastKnownFileType = sourcecode.c.objc; path = main.m; sourceTree = "<group>"; };
		54EB8BBE1D73FB9E0007B657 /* AppDelegate.h */ = {isa = PBXFileReference; lastKnownFileType = sourcecode.c.h; path = AppDelegate.h; sourceTree = "<group>"; };
		54EB8BBF1D73FB9E0007B657 /* AppDelegate.m */ = {isa = PBXFileReference; lastKnownFileType = sourcecode.c.objc; path = AppDelegate.m; sourceTree = "<group>"; };
		54EB8BC11D73FB9E0007B657 /* ViewController.h */ = {isa = PBXFileReference; lastKnownFileType = sourcecode.c.h; path = ViewController.h; sourceTree = "<group>"; };
		54EB8BC21D73FB9E0007B657 /* ViewController.m */ = {isa = PBXFileReference; lastKnownFileType = sourcecode.c.objc; path = ViewController.m; sourceTree = "<group>"; };
		54EB8BC51D73FB9E0007B657 /* Base */ = {isa = PBXFileReference; lastKnownFileType = file.storyboard; name = Base; path = Base.lproj/Main.storyboard; sourceTree = "<group>"; };
		54EB8BC71D73FB9E0007B657 /* Assets.xcassets */ = {isa = PBXFileReference; lastKnownFileType = folder.assetcatalog; path = Assets.xcassets; sourceTree = "<group>"; };
		54EB8BCA1D73FB9E0007B657 /* Base */ = {isa = PBXFileReference; lastKnownFileType = file.storyboard; name = Base; path = Base.lproj/LaunchScreen.storyboard; sourceTree = "<group>"; };
		54EB8BCC1D73FB9E0007B657 /* Info.plist */ = {isa = PBXFileReference; lastKnownFileType = text.plist.xml; path = Info.plist; sourceTree = "<group>"; };
		54EB8BD11D73FB9E0007B657 /* UIScrollViewCycleTestTests.xctest */ = {isa = PBXFileReference; explicitFileType = wrapper.cfbundle; includeInIndex = 0; path = UIScrollViewCycleTestTests.xctest; sourceTree = BUILT_PRODUCTS_DIR; };
		54EB8BD51D73FB9E0007B657 /* UIScrollViewCycleTestTests.m */ = {isa = PBXFileReference; lastKnownFileType = sourcecode.c.objc; path = UIScrollViewCycleTestTests.m; sourceTree = "<group>"; };
		54EB8BD71D73FB9E0007B657 /* Info.plist */ = {isa = PBXFileReference; lastKnownFileType = text.plist.xml; path = Info.plist; sourceTree = "<group>"; };
		54EB8BDC1D73FB9E0007B657 /* UIScrollViewCycleTestUITests.xctest */ = {isa = PBXFileReference; explicitFileType = wrapper.cfbundle; includeInIndex = 0; path = UIScrollViewCycleTestUITests.xctest; sourceTree = BUILT_PRODUCTS_DIR; };
		54EB8BE01D73FB9E0007B657 /* UIScrollViewCycleTestUITests.m */ = {isa = PBXFileReference; lastKnownFileType = sourcecode.c.objc; path = UIScrollViewCycleTestUITests.m; sourceTree = "<group>"; };
		54EB8BE21D73FB9E0007B657 /* Info.plist */ = {isa = PBXFileReference; lastKnownFileType = text.plist.xml; path = Info.plist; sourceTree = "<group>"; };
		54EB8BEE1D7516E10007B657 /* MainViewController.h */ = {isa = PBXFileReference; fileEncoding = 4; lastKnownFileType = sourcecode.c.h; path = MainViewController.h; sourceTree = "<group>"; };
		54EB8BEF1D7516E10007B657 /* MainViewController.m */ = {isa = PBXFileReference; fileEncoding = 4; lastKnownFileType = sourcecode.c.objc; path = MainViewController.m; sourceTree = "<group>"; };
		54EB8BF11D7517BB0007B657 /* CalendarViewController.h */ = {isa = PBXFileReference; fileEncoding = 4; lastKnownFileType = sourcecode.c.h; path = CalendarViewController.h; sourceTree = "<group>"; };
		54EB8BF21D7517BB0007B657 /* CalendarViewController.m */ = {isa = PBXFileReference; fileEncoding = 4; lastKnownFileType = sourcecode.c.objc; path = CalendarViewController.m; sourceTree = "<group>"; };
		54EB8BF51D7519BA0007B657 /* SMCMonthView.h */ = {isa = PBXFileReference; fileEncoding = 4; lastKnownFileType = sourcecode.c.h; path = SMCMonthView.h; sourceTree = "<group>"; };
		54EB8BF61D7519BA0007B657 /* SMCMonthView.m */ = {isa = PBXFileReference; fileEncoding = 4; lastKnownFileType = sourcecode.c.objc; path = SMCMonthView.m; sourceTree = "<group>"; };
		54EB8BF81D7519D30007B657 /* SMCMonthView.xib */ = {isa = PBXFileReference; fileEncoding = 4; lastKnownFileType = file.xib; path = SMCMonthView.xib; sourceTree = "<group>"; };
		54EB8BFA1D751DF40007B657 /* SMCWeekView.h */ = {isa = PBXFileReference; fileEncoding = 4; lastKnownFileType = sourcecode.c.h; path = SMCWeekView.h; sourceTree = "<group>"; };
		54EB8BFB1D751DF40007B657 /* SMCWeekView.m */ = {isa = PBXFileReference; fileEncoding = 4; lastKnownFileType = sourcecode.c.objc; path = SMCWeekView.m; sourceTree = "<group>"; };
		54EB8BFD1D751E010007B657 /* SMCWeekView.xib */ = {isa = PBXFileReference; fileEncoding = 4; lastKnownFileType = file.xib; path = SMCWeekView.xib; sourceTree = "<group>"; };
		54EB8BFF1D751E400007B657 /* SMCDayView.h */ = {isa = PBXFileReference; fileEncoding = 4; lastKnownFileType = sourcecode.c.h; path = SMCDayView.h; sourceTree = "<group>"; };
		54EB8C001D751E400007B657 /* SMCDayView.m */ = {isa = PBXFileReference; fileEncoding = 4; lastKnownFileType = sourcecode.c.objc; path = SMCDayView.m; sourceTree = "<group>"; };
		54EB8C021D751E4B0007B657 /* SMCDayView.xib */ = {isa = PBXFileReference; fileEncoding = 4; lastKnownFileType = file.xib; path = SMCDayView.xib; sourceTree = "<group>"; };
		54EB8C041D7522A70007B657 /* UIScrollView+SMCScroll.h */ = {isa = PBXFileReference; fileEncoding = 4; lastKnownFileType = sourcecode.c.h; path = "UIScrollView+SMCScroll.h"; sourceTree = "<group>"; };
		54EB8C051D7522A70007B657 /* UIScrollView+SMCScroll.m */ = {isa = PBXFileReference; fileEncoding = 4; lastKnownFileType = sourcecode.c.objc; path = "UIScrollView+SMCScroll.m"; sourceTree = "<group>"; };
		54EB8C071D7525A00007B657 /* SMCCalendarView.h */ = {isa = PBXFileReference; fileEncoding = 4; lastKnownFileType = sourcecode.c.h; path = SMCCalendarView.h; sourceTree = "<group>"; };
		54EB8C081D7525A00007B657 /* SMCCalendarView.m */ = {isa = PBXFileReference; fileEncoding = 4; lastKnownFileType = sourcecode.c.objc; path = SMCCalendarView.m; sourceTree = "<group>"; };
		54EB8C0A1D7527720007B657 /* SMCCalendarView.xib */ = {isa = PBXFileReference; fileEncoding = 4; lastKnownFileType = file.xib; path = SMCCalendarView.xib; sourceTree = "<group>"; };
		54EB8C0D1D7577510007B657 /* HYCalendarHeader.h */ = {isa = PBXFileReference; fileEncoding = 4; lastKnownFileType = sourcecode.c.h; path = HYCalendarHeader.h; sourceTree = "<group>"; };
		54EB8C0E1D7577510007B657 /* HYCalendarHeader.m */ = {isa = PBXFileReference; fileEncoding = 4; lastKnownFileType = sourcecode.c.objc; path = HYCalendarHeader.m; sourceTree = "<group>"; };
		54EB8C0F1D7577510007B657 /* HYCalendarHeader.xib */ = {isa = PBXFileReference; fileEncoding = 4; lastKnownFileType = file.xib; path = HYCalendarHeader.xib; sourceTree = "<group>"; };
		54EB8C101D7577510007B657 /* HYCalendarHeaderCell.h */ = {isa = PBXFileReference; fileEncoding = 4; lastKnownFileType = sourcecode.c.h; path = HYCalendarHeaderCell.h; sourceTree = "<group>"; };
		54EB8C111D7577510007B657 /* HYCalendarHeaderCell.m */ = {isa = PBXFileReference; fileEncoding = 4; lastKnownFileType = sourcecode.c.objc; path = HYCalendarHeaderCell.m; sourceTree = "<group>"; };
		54EB8C121D7577510007B657 /* HYCalendarHeaderCell.xib */ = {isa = PBXFileReference; fileEncoding = 4; lastKnownFileType = file.xib; path = HYCalendarHeaderCell.xib; sourceTree = "<group>"; };
		54EB8C181D7577960007B657 /* NSDate+String.h */ = {isa = PBXFileReference; fileEncoding = 4; lastKnownFileType = sourcecode.c.h; path = "NSDate+String.h"; sourceTree = "<group>"; };
		54EB8C191D7577960007B657 /* NSDate+String.m */ = {isa = PBXFileReference; fileEncoding = 4; lastKnownFileType = sourcecode.c.objc; path = "NSDate+String.m"; sourceTree = "<group>"; };
		54EB8C1B1D7577960007B657 /* DateManager.h */ = {isa = PBXFileReference; fileEncoding = 4; lastKnownFileType = sourcecode.c.h; path = DateManager.h; sourceTree = "<group>"; };
		54EB8C1C1D7577960007B657 /* DateManager.m */ = {isa = PBXFileReference; fileEncoding = 4; lastKnownFileType = sourcecode.c.objc; path = DateManager.m; sourceTree = "<group>"; };
		54EB8C1D1D7577960007B657 /* XingZuo.h */ = {isa = PBXFileReference; fileEncoding = 4; lastKnownFileType = sourcecode.c.h; path = XingZuo.h; sourceTree = "<group>"; };
		54EB8C1E1D7577960007B657 /* XingZuoDate.h */ = {isa = PBXFileReference; fileEncoding = 4; lastKnownFileType = sourcecode.c.h; path = XingZuoDate.h; sourceTree = "<group>"; };
		54EB8C1F1D7577960007B657 /* XingZuoDate.m */ = {isa = PBXFileReference; fileEncoding = 4; lastKnownFileType = sourcecode.c.objc; path = XingZuoDate.m; sourceTree = "<group>"; };
/* End PBXFileReference section */

/* Begin PBXFrameworksBuildPhase section */
		54EB8BB51D73FB9E0007B657 /* Frameworks */ = {
			isa = PBXFrameworksBuildPhase;
			buildActionMask = 2147483647;
			files = (
			);
			runOnlyForDeploymentPostprocessing = 0;
		};
		54EB8BCE1D73FB9E0007B657 /* Frameworks */ = {
			isa = PBXFrameworksBuildPhase;
			buildActionMask = 2147483647;
			files = (
			);
			runOnlyForDeploymentPostprocessing = 0;
		};
		54EB8BD91D73FB9E0007B657 /* Frameworks */ = {
			isa = PBXFrameworksBuildPhase;
			buildActionMask = 2147483647;
			files = (
			);
			runOnlyForDeploymentPostprocessing = 0;
		};
/* End PBXFrameworksBuildPhase section */

/* Begin PBXGroup section */
		54EB8BAF1D73FB9E0007B657 = {
			isa = PBXGroup;
			children = (
				54EB8BBA1D73FB9E0007B657 /* UIScrollViewCycleTest */,
				54EB8BD41D73FB9E0007B657 /* UIScrollViewCycleTestTests */,
				54EB8BDF1D73FB9E0007B657 /* UIScrollViewCycleTestUITests */,
				54EB8BB91D73FB9E0007B657 /* Products */,
			);
			sourceTree = "<group>";
		};
		54EB8BB91D73FB9E0007B657 /* Products */ = {
			isa = PBXGroup;
			children = (
				54EB8BB81D73FB9E0007B657 /* UIScrollViewCycleTest.app */,
				54EB8BD11D73FB9E0007B657 /* UIScrollViewCycleTestTests.xctest */,
				54EB8BDC1D73FB9E0007B657 /* UIScrollViewCycleTestUITests.xctest */,
			);
			name = Products;
			sourceTree = "<group>";
		};
		54EB8BBA1D73FB9E0007B657 /* UIScrollViewCycleTest */ = {
			isa = PBXGroup;
			children = (
				54EB8BF41D7519660007B657 /* Calendar */,
				54EB8BBE1D73FB9E0007B657 /* AppDelegate.h */,
				54EB8BBF1D73FB9E0007B657 /* AppDelegate.m */,
				54EB8BF11D7517BB0007B657 /* CalendarViewController.h */,
				54EB8BF21D7517BB0007B657 /* CalendarViewController.m */,
				54EB8BC11D73FB9E0007B657 /* ViewController.h */,
				54EB8BC21D73FB9E0007B657 /* ViewController.m */,
				54EB8BC41D73FB9E0007B657 /* Main.storyboard */,
				54EB8BC71D73FB9E0007B657 /* Assets.xcassets */,
				54EB8BC91D73FB9E0007B657 /* LaunchScreen.storyboard */,
				54EB8BCC1D73FB9E0007B657 /* Info.plist */,
				54EB8BBB1D73FB9E0007B657 /* Supporting Files */,
				54EB8BEE1D7516E10007B657 /* MainViewController.h */,
				54EB8BEF1D7516E10007B657 /* MainViewController.m */,
			);
			path = UIScrollViewCycleTest;
			sourceTree = "<group>";
		};
		54EB8BBB1D73FB9E0007B657 /* Supporting Files */ = {
			isa = PBXGroup;
			children = (
				54EB8BBC1D73FB9E0007B657 /* main.m */,
			);
			name = "Supporting Files";
			sourceTree = "<group>";
		};
		54EB8BD41D73FB9E0007B657 /* UIScrollViewCycleTestTests */ = {
			isa = PBXGroup;
			children = (
				54EB8BD51D73FB9E0007B657 /* UIScrollViewCycleTestTests.m */,
				54EB8BD71D73FB9E0007B657 /* Info.plist */,
			);
			path = UIScrollViewCycleTestTests;
			sourceTree = "<group>";
		};
		54EB8BDF1D73FB9E0007B657 /* UIScrollViewCycleTestUITests */ = {
			isa = PBXGroup;
			children = (
				54EB8BE01D73FB9E0007B657 /* UIScrollViewCycleTestUITests.m */,
				54EB8BE21D73FB9E0007B657 /* Info.plist */,
			);
			path = UIScrollViewCycleTestUITests;
			sourceTree = "<group>";
		};
		54EB8BF41D7519660007B657 /* Calendar */ = {
			isa = PBXGroup;
			children = (
				54EB8C171D7577960007B657 /* Category */,
				54EB8C1A1D7577960007B657 /* Data */,
				54EB8C0C1D7577480007B657 /* Header */,
				54EB8BF51D7519BA0007B657 /* SMCMonthView.h */,
				54EB8BF61D7519BA0007B657 /* SMCMonthView.m */,
				54EB8BF81D7519D30007B657 /* SMCMonthView.xib */,
				54EB8BFA1D751DF40007B657 /* SMCWeekView.h */,
				54EB8BFB1D751DF40007B657 /* SMCWeekView.m */,
				54EB8BFD1D751E010007B657 /* SMCWeekView.xib */,
				54EB8BFF1D751E400007B657 /* SMCDayView.h */,
				54EB8C001D751E400007B657 /* SMCDayView.m */,
				54EB8C021D751E4B0007B657 /* SMCDayView.xib */,
				54EB8C041D7522A70007B657 /* UIScrollView+SMCScroll.h */,
				54EB8C051D7522A70007B657 /* UIScrollView+SMCScroll.m */,
				54EB8C071D7525A00007B657 /* SMCCalendarView.h */,
				54EB8C081D7525A00007B657 /* SMCCalendarView.m */,
				54EB8C0A1D7527720007B657 /* SMCCalendarView.xib */,
			);
			path = Calendar;
			sourceTree = "<group>";
		};
		54EB8C0C1D7577480007B657 /* Header */ = {
			isa = PBXGroup;
			children = (
				54EB8C0D1D7577510007B657 /* HYCalendarHeader.h */,
				54EB8C0E1D7577510007B657 /* HYCalendarHeader.m */,
				54EB8C0F1D7577510007B657 /* HYCalendarHeader.xib */,
				54EB8C101D7577510007B657 /* HYCalendarHeaderCell.h */,
				54EB8C111D7577510007B657 /* HYCalendarHeaderCell.m */,
				54EB8C121D7577510007B657 /* HYCalendarHeaderCell.xib */,
			);
			path = Header;
			sourceTree = "<group>";
		};
		54EB8C171D7577960007B657 /* Category */ = {
			isa = PBXGroup;
			children = (
				54EB8C181D7577960007B657 /* NSDate+String.h */,
				54EB8C191D7577960007B657 /* NSDate+String.m */,
			);
			path = Category;
			sourceTree = "<group>";
		};
		54EB8C1A1D7577960007B657 /* Data */ = {
			isa = PBXGroup;
			children = (
				54EB8C1B1D7577960007B657 /* DateManager.h */,
				54EB8C1C1D7577960007B657 /* DateManager.m */,
				54EB8C1D1D7577960007B657 /* XingZuo.h */,
				54EB8C1E1D7577960007B657 /* XingZuoDate.h */,
				54EB8C1F1D7577960007B657 /* XingZuoDate.m */,
			);
			path = Data;
			sourceTree = "<group>";
		};
/* End PBXGroup section */

/* Begin PBXNativeTarget section */
		54EB8BB71D73FB9E0007B657 /* UIScrollViewCycleTest */ = {
			isa = PBXNativeTarget;
			buildConfigurationList = 54EB8BE51D73FB9E0007B657 /* Build configuration list for PBXNativeTarget "UIScrollViewCycleTest" */;
			buildPhases = (
				54EB8BB41D73FB9E0007B657 /* Sources */,
				54EB8BB51D73FB9E0007B657 /* Frameworks */,
				54EB8BB61D73FB9E0007B657 /* Resources */,
			);
			buildRules = (
			);
			dependencies = (
			);
			name = UIScrollViewCycleTest;
			productName = UIScrollViewCycleTest;
			productReference = 54EB8BB81D73FB9E0007B657 /* UIScrollViewCycleTest.app */;
			productType = "com.apple.product-type.application";
		};
		54EB8BD01D73FB9E0007B657 /* UIScrollViewCycleTestTests */ = {
			isa = PBXNativeTarget;
			buildConfigurationList = 54EB8BE81D73FB9E0007B657 /* Build configuration list for PBXNativeTarget "UIScrollViewCycleTestTests" */;
			buildPhases = (
				54EB8BCD1D73FB9E0007B657 /* Sources */,
				54EB8BCE1D73FB9E0007B657 /* Frameworks */,
				54EB8BCF1D73FB9E0007B657 /* Resources */,
			);
			buildRules = (
			);
			dependencies = (
				54EB8BD31D73FB9E0007B657 /* PBXTargetDependency */,
			);
			name = UIScrollViewCycleTestTests;
			productName = UIScrollViewCycleTestTests;
			productReference = 54EB8BD11D73FB9E0007B657 /* UIScrollViewCycleTestTests.xctest */;
			productType = "com.apple.product-type.bundle.unit-test";
		};
		54EB8BDB1D73FB9E0007B657 /* UIScrollViewCycleTestUITests */ = {
			isa = PBXNativeTarget;
			buildConfigurationList = 54EB8BEB1D73FB9E0007B657 /* Build configuration list for PBXNativeTarget "UIScrollViewCycleTestUITests" */;
			buildPhases = (
				54EB8BD81D73FB9E0007B657 /* Sources */,
				54EB8BD91D73FB9E0007B657 /* Frameworks */,
				54EB8BDA1D73FB9E0007B657 /* Resources */,
			);
			buildRules = (
			);
			dependencies = (
				54EB8BDE1D73FB9E0007B657 /* PBXTargetDependency */,
			);
			name = UIScrollViewCycleTestUITests;
			productName = UIScrollViewCycleTestUITests;
			productReference = 54EB8BDC1D73FB9E0007B657 /* UIScrollViewCycleTestUITests.xctest */;
			productType = "com.apple.product-type.bundle.ui-testing";
		};
/* End PBXNativeTarget section */

/* Begin PBXProject section */
		54EB8BB01D73FB9E0007B657 /* Project object */ = {
			isa = PBXProject;
			attributes = {
				LastUpgradeCheck = 0730;
				ORGANIZATIONNAME = heyou;
				TargetAttributes = {
					54EB8BB71D73FB9E0007B657 = {
						CreatedOnToolsVersion = 7.3.1;
					};
					54EB8BD01D73FB9E0007B657 = {
						CreatedOnToolsVersion = 7.3.1;
						TestTargetID = 54EB8BB71D73FB9E0007B657;
					};
					54EB8BDB1D73FB9E0007B657 = {
						CreatedOnToolsVersion = 7.3.1;
						TestTargetID = 54EB8BB71D73FB9E0007B657;
					};
				};
			};
			buildConfigurationList = 54EB8BB31D73FB9E0007B657 /* Build configuration list for PBXProject "UIScrollViewCycleTest" */;
			compatibilityVersion = "Xcode 3.2";
			developmentRegion = English;
			hasScannedForEncodings = 0;
			knownRegions = (
				en,
				Base,
			);
			mainGroup = 54EB8BAF1D73FB9E0007B657;
			productRefGroup = 54EB8BB91D73FB9E0007B657 /* Products */;
			projectDirPath = "";
			projectRoot = "";
			targets = (
				54EB8BB71D73FB9E0007B657 /* UIScrollViewCycleTest */,
				54EB8BD01D73FB9E0007B657 /* UIScrollViewCycleTestTests */,
				54EB8BDB1D73FB9E0007B657 /* UIScrollViewCycleTestUITests */,
			);
		};
/* End PBXProject section */

/* Begin PBXResourcesBuildPhase section */
		54EB8BB61D73FB9E0007B657 /* Resources */ = {
			isa = PBXResourcesBuildPhase;
			buildActionMask = 2147483647;
			files = (
				54EB8BCB1D73FB9E0007B657 /* LaunchScreen.storyboard in Resources */,
				54EB8C141D7577510007B657 /* HYCalendarHeader.xib in Resources */,
				54EB8C031D751E4B0007B657 /* SMCDayView.xib in Resources */,
				54EB8BF91D7519D30007B657 /* SMCMonthView.xib in Resources */,
				54EB8C0B1D7527720007B657 /* SMCCalendarView.xib in Resources */,
				54EB8BC81D73FB9E0007B657 /* Assets.xcassets in Resources */,
				54EB8C161D7577510007B657 /* HYCalendarHeaderCell.xib in Resources */,
				54EB8BC61D73FB9E0007B657 /* Main.storyboard in Resources */,
				54EB8BFE1D751E010007B657 /* SMCWeekView.xib in Resources */,
			);
			runOnlyForDeploymentPostprocessing = 0;
		};
		54EB8BCF1D73FB9E0007B657 /* Resources */ = {
			isa = PBXResourcesBuildPhase;
			buildActionMask = 2147483647;
			files = (
			);
			runOnlyForDeploymentPostprocessing = 0;
		};
		54EB8BDA1D73FB9E0007B657 /* Resources */ = {
			isa = PBXResourcesBuildPhase;
			buildActionMask = 2147483647;
			files = (
			);
			runOnlyForDeploymentPostprocessing = 0;
		};
/* End PBXResourcesBuildPhase section */

/* Begin PBXSourcesBuildPhase section */
		54EB8BB41D73FB9E0007B657 /* Sources */ = {
			isa = PBXSourcesBuildPhase;
			buildActionMask = 2147483647;
			files = (
				54EB8BC31D73FB9E0007B657 /* ViewController.m in Sources */,
				54EB8C151D7577510007B657 /* HYCalendarHeaderCell.m in Sources */,
				54EB8BFC1D751DF40007B657 /* SMCWeekView.m in Sources */,
				54EB8BF71D7519BA0007B657 /* SMCMonthView.m in Sources */,
				54EB8C011D751E400007B657 /* SMCDayView.m in Sources */,
				54EB8BC01D73FB9E0007B657 /* AppDelegate.m in Sources */,
				54EB8BBD1D73FB9E0007B657 /* main.m in Sources */,
				54EB8C131D7577510007B657 /* HYCalendarHeader.m in Sources */,
				54EB8C221D7577960007B657 /* XingZuoDate.m in Sources */,
				54EB8C091D7525A00007B657 /* SMCCalendarView.m in Sources */,
				54EB8C211D7577960007B657 /* DateManager.m in Sources */,
				54EB8BF31D7517BB0007B657 /* CalendarViewController.m in Sources */,
				54EB8C061D7522A70007B657 /* UIScrollView+SMCScroll.m in Sources */,
				54EB8BF01D7516E10007B657 /* MainViewController.m in Sources */,
				54EB8C201D7577960007B657 /* NSDate+String.m in Sources */,
			);
			runOnlyForDeploymentPostprocessing = 0;
		};
		54EB8BCD1D73FB9E0007B657 /* Sources */ = {
			isa = PBXSourcesBuildPhase;
			buildActionMask = 2147483647;
			files = (
				54EB8BD61D73FB9E0007B657 /* UIScrollViewCycleTestTests.m in Sources */,
			);
			runOnlyForDeploymentPostprocessing = 0;
		};
		54EB8BD81D73FB9E0007B657 /* Sources */ = {
			isa = PBXSourcesBuildPhase;
			buildActionMask = 2147483647;
			files = (
				54EB8BE11D73FB9E0007B657 /* UIScrollViewCycleTestUITests.m in Sources */,
			);
			runOnlyForDeploymentPostprocessing = 0;
		};
/* End PBXSourcesBuildPhase section */

/* Begin PBXTargetDependency section */
		54EB8BD31D73FB9E0007B657 /* PBXTargetDependency */ = {
			isa = PBXTargetDependency;
			target = 54EB8BB71D73FB9E0007B657 /* UIScrollViewCycleTest */;
			targetProxy = 54EB8BD21D73FB9E0007B657 /* PBXContainerItemProxy */;
		};
		54EB8BDE1D73FB9E0007B657 /* PBXTargetDependency */ = {
			isa = PBXTargetDependency;
			target = 54EB8BB71D73FB9E0007B657 /* UIScrollViewCycleTest */;
			targetProxy = 54EB8BDD1D73FB9E0007B657 /* PBXContainerItemProxy */;
		};
/* End PBXTargetDependency section */

/* Begin PBXVariantGroup section */
		54EB8BC41D73FB9E0007B657 /* Main.storyboard */ = {
			isa = PBXVariantGroup;
			children = (
				54EB8BC51D73FB9E0007B657 /* Base */,
			);
			name = Main.storyboard;
			sourceTree = "<group>";
		};
		54EB8BC91D73FB9E0007B657 /* LaunchScreen.storyboard */ = {
			isa = PBXVariantGroup;
			children = (
				54EB8BCA1D73FB9E0007B657 /* Base */,
			);
			name = LaunchScreen.storyboard;
			sourceTree = "<group>";
		};
/* End PBXVariantGroup section */

/* Begin XCBuildConfiguration section */
		54EB8BE31D73FB9E0007B657 /* Debug */ = {
			isa = XCBuildConfiguration;
			buildSettings = {
				ALWAYS_SEARCH_USER_PATHS = NO;
				CLANG_ANALYZER_NONNULL = YES;
				CLANG_CXX_LANGUAGE_STANDARD = "gnu++0x";
				CLANG_CXX_LIBRARY = "libc++";
				CLANG_ENABLE_MODULES = YES;
				CLANG_ENABLE_OBJC_ARC = YES;
				CLANG_WARN_BOOL_CONVERSION = YES;
				CLANG_WARN_CONSTANT_CONVERSION = YES;
				CLANG_WARN_DIRECT_OBJC_ISA_USAGE = YES_ERROR;
				CLANG_WARN_EMPTY_BODY = YES;
				CLANG_WARN_ENUM_CONVERSION = YES;
				CLANG_WARN_INT_CONVERSION = YES;
				CLANG_WARN_OBJC_ROOT_CLASS = YES_ERROR;
				CLANG_WARN_UNREACHABLE_CODE = YES;
				CLANG_WARN__DUPLICATE_METHOD_MATCH = YES;
				"CODE_SIGN_IDENTITY[sdk=iphoneos*]" = "iPhone Developer";
				COPY_PHASE_STRIP = NO;
				DEBUG_INFORMATION_FORMAT = dwarf;
				ENABLE_STRICT_OBJC_MSGSEND = YES;
				ENABLE_TESTABILITY = YES;
				GCC_C_LANGUAGE_STANDARD = gnu99;
				GCC_DYNAMIC_NO_PIC = NO;
				GCC_NO_COMMON_BLOCKS = YES;
				GCC_OPTIMIZATION_LEVEL = 0;
				GCC_PREPROCESSOR_DEFINITIONS = (
					"DEBUG=1",
					"$(inherited)",
				);
				GCC_WARN_64_TO_32_BIT_CONVERSION = YES;
				GCC_WARN_ABOUT_RETURN_TYPE = YES_ERROR;
				GCC_WARN_UNDECLARED_SELECTOR = YES;
				GCC_WARN_UNINITIALIZED_AUTOS = YES_AGGRESSIVE;
				GCC_WARN_UNUSED_FUNCTION = YES;
				GCC_WARN_UNUSED_VARIABLE = YES;
				IPHONEOS_DEPLOYMENT_TARGET = 9.3;
				MTL_ENABLE_DEBUG_INFO = YES;
				ONLY_ACTIVE_ARCH = YES;
				SDKROOT = iphoneos;
				TARGETED_DEVICE_FAMILY = "1,2";
			};
			name = Debug;
		};
		54EB8BE41D73FB9E0007B657 /* Release */ = {
			isa = XCBuildConfiguration;
			buildSettings = {
				ALWAYS_SEARCH_USER_PATHS = NO;
				CLANG_ANALYZER_NONNULL = YES;
				CLANG_CXX_LANGUAGE_STANDARD = "gnu++0x";
				CLANG_CXX_LIBRARY = "libc++";
				CLANG_ENABLE_MODULES = YES;
				CLANG_ENABLE_OBJC_ARC = YES;
				CLANG_WARN_BOOL_CONVERSION = YES;
				CLANG_WARN_CONSTANT_CONVERSION = YES;
				CLANG_WARN_DIRECT_OBJC_ISA_USAGE = YES_ERROR;
				CLANG_WARN_EMPTY_BODY = YES;
				CLANG_WARN_ENUM_CONVERSION = YES;
				CLANG_WARN_INT_CONVERSION = YES;
				CLANG_WARN_OBJC_ROOT_CLASS = YES_ERROR;
				CLANG_WARN_UNREACHABLE_CODE = YES;
				CLANG_WARN__DUPLICATE_METHOD_MATCH = YES;
				"CODE_SIGN_IDENTITY[sdk=iphoneos*]" = "iPhone Developer";
				COPY_PHASE_STRIP = NO;
				DEBUG_INFORMATION_FORMAT = "dwarf-with-dsym";
				ENABLE_NS_ASSERTIONS = NO;
				ENABLE_STRICT_OBJC_MSGSEND = YES;
				GCC_C_LANGUAGE_STANDARD = gnu99;
				GCC_NO_COMMON_BLOCKS = YES;
				GCC_WARN_64_TO_32_BIT_CONVERSION = YES;
				GCC_WARN_ABOUT_RETURN_TYPE = YES_ERROR;
				GCC_WARN_UNDECLARED_SELECTOR = YES;
				GCC_WARN_UNINITIALIZED_AUTOS = YES_AGGRESSIVE;
				GCC_WARN_UNUSED_FUNCTION = YES;
				GCC_WARN_UNUSED_VARIABLE = YES;
				IPHONEOS_DEPLOYMENT_TARGET = 9.3;
				MTL_ENABLE_DEBUG_INFO = NO;
				SDKROOT = iphoneos;
				TARGETED_DEVICE_FAMILY = "1,2";
				VALIDATE_PRODUCT = YES;
			};
			name = Release;
		};
		54EB8BE61D73FB9E0007B657 /* Debug */ = {
			isa = XCBuildConfiguration;
			buildSettings = {
				ASSETCATALOG_COMPILER_APPICON_NAME = AppIcon;
				INFOPLIST_FILE = UIScrollViewCycleTest/Info.plist;
				LD_RUNPATH_SEARCH_PATHS = "$(inherited) @executable_path/Frameworks";
				PRODUCT_BUNDLE_IDENTIFIER = com.yeapp.UIScrollViewCycleTest;
				PRODUCT_NAME = "$(TARGET_NAME)";
			};
			name = Debug;
		};
		54EB8BE71D73FB9E0007B657 /* Release */ = {
			isa = XCBuildConfiguration;
			buildSettings = {
				ASSETCATALOG_COMPILER_APPICON_NAME = AppIcon;
				INFOPLIST_FILE = UIScrollViewCycleTest/Info.plist;
				LD_RUNPATH_SEARCH_PATHS = "$(inherited) @executable_path/Frameworks";
				PRODUCT_BUNDLE_IDENTIFIER = com.yeapp.UIScrollViewCycleTest;
				PRODUCT_NAME = "$(TARGET_NAME)";
			};
			name = Release;
		};
		54EB8BE91D73FB9E0007B657 /* Debug */ = {
			isa = XCBuildConfiguration;
			buildSettings = {
				BUNDLE_LOADER = "$(TEST_HOST)";
				INFOPLIST_FILE = UIScrollViewCycleTestTests/Info.plist;
				LD_RUNPATH_SEARCH_PATHS = "$(inherited) @executable_path/Frameworks @loader_path/Frameworks";
				PRODUCT_BUNDLE_IDENTIFIER = com.yeapp.UIScrollViewCycleTestTests;
				PRODUCT_NAME = "$(TARGET_NAME)";
				TEST_HOST = "$(BUILT_PRODUCTS_DIR)/UIScrollViewCycleTest.app/UIScrollViewCycleTest";
			};
			name = Debug;
		};
		54EB8BEA1D73FB9E0007B657 /* Release */ = {
			isa = XCBuildConfiguration;
			buildSettings = {
				BUNDLE_LOADER = "$(TEST_HOST)";
				INFOPLIST_FILE = UIScrollViewCycleTestTests/Info.plist;
				LD_RUNPATH_SEARCH_PATHS = "$(inherited) @executable_path/Frameworks @loader_path/Frameworks";
				PRODUCT_BUNDLE_IDENTIFIER = com.yeapp.UIScrollViewCycleTestTests;
				PRODUCT_NAME = "$(TARGET_NAME)";
				TEST_HOST = "$(BUILT_PRODUCTS_DIR)/UIScrollViewCycleTest.app/UIScrollViewCycleTest";
			};
			name = Release;
		};
		54EB8BEC1D73FB9E0007B657 /* Debug */ = {
			isa = XCBuildConfiguration;
			buildSettings = {
				INFOPLIST_FILE = UIScrollViewCycleTestUITests/Info.plist;
				LD_RUNPATH_SEARCH_PATHS = "$(inherited) @executable_path/Frameworks @loader_path/Frameworks";
				PRODUCT_BUNDLE_IDENTIFIER = com.yeapp.UIScrollViewCycleTestUITests;
				PRODUCT_NAME = "$(TARGET_NAME)";
				TEST_TARGET_NAME = UIScrollViewCycleTest;
			};
			name = Debug;
		};
		54EB8BED1D73FB9E0007B657 /* Release */ = {
			isa = XCBuildConfiguration;
			buildSettings = {
				INFOPLIST_FILE = UIScrollViewCycleTestUITests/Info.plist;
				LD_RUNPATH_SEARCH_PATHS = "$(inherited) @executable_path/Frameworks @loader_path/Frameworks";
				PRODUCT_BUNDLE_IDENTIFIER = com.yeapp.UIScrollViewCycleTestUITests;
				PRODUCT_NAME = "$(TARGET_NAME)";
				TEST_TARGET_NAME = UIScrollViewCycleTest;
			};
			name = Release;
		};
/* End XCBuildConfiguration section */

/* Begin XCConfigurationList section */
		54EB8BB31D73FB9E0007B657 /* Build configuration list for PBXProject "UIScrollViewCycleTest" */ = {
			isa = XCConfigurationList;
			buildConfigurations = (
				54EB8BE31D73FB9E0007B657 /* Debug */,
				54EB8BE41D73FB9E0007B657 /* Release */,
			);
			defaultConfigurationIsVisible = 0;
			defaultConfigurationName = Release;
		};
		54EB8BE51D73FB9E0007B657 /* Build configuration list for PBXNativeTarget "UIScrollViewCycleTest" */ = {
			isa = XCConfigurationList;
			buildConfigurations = (
				54EB8BE61D73FB9E0007B657 /* Debug */,
				54EB8BE71D73FB9E0007B657 /* Release */,
			);
			defaultConfigurationIsVisible = 0;
			defaultConfigurationName = Release;
		};
		54EB8BE81D73FB9E0007B657 /* Build configuration list for PBXNativeTarget "UIScrollViewCycleTestTests" */ = {
			isa = XCConfigurationList;
			buildConfigurations = (
				54EB8BE91D73FB9E0007B657 /* Debug */,
				54EB8BEA1D73FB9E0007B657 /* Release */,
			);
			defaultConfigurationIsVisible = 0;
			defaultConfigurationName = Release;
		};
		54EB8BEB1D73FB9E0007B657 /* Build configuration list for PBXNativeTarget "UIScrollViewCycleTestUITests" */ = {
			isa = XCConfigurationList;
			buildConfigurations = (
				54EB8BEC1D73FB9E0007B657 /* Debug */,
				54EB8BED1D73FB9E0007B657 /* Release */,
			);
			defaultConfigurationIsVisible = 0;
			defaultConfigurationName = Release;
		};
/* End XCConfigurationList section */
	};
	rootObject = 54EB8BB01D73FB9E0007B657 /* Project object */;
}
